
Microsoft Visual Studio Solution File, Format Version 12.00
Project("{FAE04EC0-301F-11D3-BF4B-00C04F79EFBC}") = "ejercicio1", "ejercicio1\ejercicio1.csproj", "{7FB9A7B7-0857-43A3-9144-E93FB4835EEA}"
EndProject
Project("{FAE04EC0-301F-11D3-BF4B-00C04F79EFBC}") = "Ejercicios de escritura de  consola", "Ejercicios de escritura de  consola\Ejercicios de escritura de  consola.csproj", "{5AD908B7-8FE2-4E18-BBA7-AA4A496DC16E}"
EndProject
Project("{FAE04EC0-301F-11D3-BF4B-00C04F79EFBC}") = "Ejercicio de lectura de consola", "Ejercicio de lectura de consola\Ejercicio de lectura de consola.csproj", "{4AD484BC-90F1-4CDC-9876-FDC6A0AB0D0E}"
EndProject
Project("{FAE04EC0-301F-11D3-BF4B-00C04F79EFBC}") = "Ejercicios de tarea 1-09-25", "Ejercicios de tarea 1-09-25\Ejercicios de tarea 1-09-25.csproj", "{F4113238-5F1D-4F34-BCBA-56B2D3FCDED4}"
EndProject
Project("{FAE04EC0-301F-11D3-BF4B-00C04F79EFBC}") = "Ejercicios II", "Ejercicios II\Ejercicios II.csproj", "{CC46AA3A-AA1C-461E-B426-963E5024A3DD}"
EndProject
Project("{FAE04EC0-301F-11D3-BF4B-00C04F79EFBC}") = "EjerciciosRepaso08-09-25", "EjerciciosRepaso08-09-25\EjerciciosRepaso08-09-25.csproj", "{5BB4D542-F4F7-44BF-811D-D960E9C4C9E6}"
EndProject
Project("{FAE04EC0-301F-11D3-BF4B-00C04F79EFBC}") = "Examen primer parcial", "Examen primer parcial\Examen primer parcial.csproj", "{2E21D514-8098-4DC9-BC5E-77FF2DED29D4}"
EndProject
Global
	GlobalSection(SolutionConfigurationPlatforms) = preSolution
		Debug|Any CPU = Debug|Any CPU
		Release|Any CPU = Release|Any CPU
	EndGlobalSection
	GlobalSection(ProjectConfigurationPlatforms) = postSolution
		{7FB9A7B7-0857-43A3-9144-E93FB4835EEA}.Debug|Any CPU.ActiveCfg = Debug|Any CPU
		{7FB9A7B7-0857-43A3-9144-E93FB4835EEA}.Debug|Any CPU.Build.0 = Debug|Any CPU
		{7FB9A7B7-0857-43A3-9144-E93FB4835EEA}.Release|Any CPU.ActiveCfg = Release|Any CPU
		{7FB9A7B7-0857-43A3-9144-E93FB4835EEA}.Release|Any CPU.Build.0 = Release|Any CPU
		{5AD908B7-8FE2-4E18-BBA7-AA4A496DC16E}.Debug|Any CPU.ActiveCfg = Debug|Any CPU
		{5AD908B7-8FE2-4E18-BBA7-AA4A496DC16E}.Debug|Any CPU.Build.0 = Debug|Any CPU
		{5AD908B7-8FE2-4E18-BBA7-AA4A496DC16E}.Release|Any CPU.ActiveCfg = Release|Any CPU
		{5AD908B7-8FE2-4E18-BBA7-AA4A496DC16E}.Release|Any CPU.Build.0 = Release|Any CPU
		{4AD484BC-90F1-4CDC-9876-FDC6A0AB0D0E}.Debug|Any CPU.ActiveCfg = Debug|Any CPU
		{4AD484BC-90F1-4CDC-9876-FDC6A0AB0D0E}.Debug|Any CPU.Build.0 = Debug|Any CPU
		{4AD484BC-90F1-4CDC-9876-FDC6A0AB0D0E}.Release|Any CPU.ActiveCfg = Release|Any CPU
		{4AD484BC-90F1-4CDC-9876-FDC6A0AB0D0E}.Release|Any CPU.Build.0 = Release|Any CPU
		{F4113238-5F1D-4F34-BCBA-56B2D3FCDED4}.Debug|Any CPU.ActiveCfg = Debug|Any CPU
		{F4113238-5F1D-4F34-BCBA-56B2D3FCDED4}.Debug|Any CPU.Build.0 = Debug|Any CPU
		{F4113238-5F1D-4F34-BCBA-56B2D3FCDED4}.Release|Any CPU.ActiveCfg = Release|Any CPU
		{F4113238-5F1D-4F34-BCBA-56B2D3FCDED4}.Release|Any CPU.Build.0 = Release|Any CPU
		{CC46AA3A-AA1C-461E-B426-963E5024A3DD}.Debug|Any CPU.ActiveCfg = Debug|Any CPU
		{CC46AA3A-AA1C-461E-B426-963E5024A3DD}.Debug|Any CPU.Build.0 = Debug|Any CPU
		{CC46AA3A-AA1C-461E-B426-963E5024A3DD}.Release|Any CPU.ActiveCfg = Release|Any CPU
		{CC46AA3A-AA1C-461E-B426-963E5024A3DD}.Release|Any CPU.Build.0 = Release|Any CPU
		{5BB4D542-F4F7-44BF-811D-D960E9C4C9E6}.Debug|Any CPU.ActiveCfg = Debug|Any CPU
		{5BB4D542-F4F7-44BF-811D-D960E9C4C9E6}.Debug|Any CPU.Build.0 = Debug|Any CPU
		{5BB4D542-F4F7-44BF-811D-D960E9C4C9E6}.Release|Any CPU.ActiveCfg = Release|Any CPU
		{5BB4D542-F4F7-44BF-811D-D960E9C4C9E6}.Release|Any CPU.Build.0 = Release|Any CPU
		{2E21D514-8098-4DC9-BC5E-77FF2DED29D4}.Debug|Any CPU.ActiveCfg = Debug|Any CPU
		{2E21D514-8098-4DC9-BC5E-77FF2DED29D4}.Debug|Any CPU.Build.0 = Debug|Any CPU
		{2E21D514-8098-4DC9-BC5E-77FF2DED29D4}.Release|Any CPU.ActiveCfg = Release|Any CPU
		{2E21D514-8098-4DC9-BC5E-77FF2DED29D4}.Release|Any CPU.Build.0 = Release|Any CPU
	EndGlobalSection
EndGlobal
